{
  "nodes": {
    "flake-utils": {
      "locked": {
        "lastModified": 1667395993,
        "narHash": "sha256-nuEHfE/LcWyuSWnS8t12N1wc105Qtau+/OdUAjtQ0rA=",
        "owner": "numtide",
        "repo": "flake-utils",
        "rev": "5aed5285a952e0b949eb3ba02c12fa4fcfef535f",
        "type": "github"
      },
      "original": {
        "owner": "numtide",
        "repo": "flake-utils",
        "type": "github"
      }
    },
    "nixpkgs": {
      "locked": {
        "lastModified": 1668342362,
        "narHash": "sha256-koG0biKgpDf2EQs/1tA1cinyTmdehBHpjjqI8Lo2qo0=",
        "owner": "NixOS",
        "repo": "nixpkgs",
        "rev": "7721e603a363793cecacb790c83e4081dc5ecb87",
        "type": "github"
      },
      "original": {
        "owner": "NixOS",
        "repo": "nixpkgs",
        "type": "github"
      }
    },
    "root": {
      "inputs": {
        "flake-utils": "flake-utils",
        "nixpkgs": "nixpkgs"
      }
    }
  },
  "root": "root",
  "version": 7
}
